// !$*UTF8*$!
{
	archiveVersion = 1;
	classes = {
	};
	objectVersion = 46;
	objects = {

/* Begin PBXBuildFile section */
		5251C8B21DDB12A500E227CE /* main.m in Sources */ = {isa = PBXBuildFile; fileRef = 5251C8B11DDB12A500E227CE /* main.m */; };
		5251C8B51DDB12A500E227CE /* AppDelegate.m in Sources */ = {isa = PBXBuildFile; fileRef = 5251C8B41DDB12A500E227CE /* AppDelegate.m */; };
		5251C8B81DDB12A500E227CE /* ViewController.m in Sources */ = {isa = PBXBuildFile; fileRef = 5251C8B71DDB12A500E227CE /* ViewController.m */; };
		5251C8BD1DDB12A500E227CE /* Assets.xcassets in Resources */ = {isa = PBXBuildFile; fileRef = 5251C8BC1DDB12A500E227CE /* Assets.xcassets */; };
		5251C8C01DDB12A500E227CE /* LaunchScreen.storyboard in Resources */ = {isa = PBXBuildFile; fileRef = 5251C8BE1DDB12A500E227CE /* LaunchScreen.storyboard */; };
		5251C8CA1DDB12EF00E227CE /* YSLeftSlideMenuController.m in Sources */ = {isa = PBXBuildFile; fileRef = 5251C8C91DDB12EF00E227CE /* YSLeftSlideMenuController.m */; };
		5251C8CD1DDB13EF00E227CE /* MenuViewController.m in Sources */ = {isa = PBXBuildFile; fileRef = 5251C8CC1DDB13EF00E227CE /* MenuViewController.m */; };
		5251C8D01DDB140000E227CE /* MainViewController.m in Sources */ = {isa = PBXBuildFile; fileRef = 5251C8CF1DDB140000E227CE /* MainViewController.m */; };
/* End PBXBuildFile section */

/* Begin PBXFileReference section */
		5251C8AD1DDB12A500E227CE /* YSLeftSlideMenuDemo.app */ = {isa = PBXFileReference; explicitFileType = wrapper.application; includeInIndex = 0; path = YSLeftSlideMenuDemo.app; sourceTree = BUILT_PRODUCTS_DIR; };
		5251C8B11DDB12A500E227CE /* main.m */ = {isa = PBXFileReference; lastKnownFileType = sourcecode.c.objc; path = main.m; sourceTree = "<group>"; };
		5251C8B31DDB12A500E227CE /* AppDelegate.h */ = {isa = PBXFileReference; lastKnownFileType = sourcecode.c.h; path = AppDelegate.h; sourceTree = "<group>"; };
		5251C8B41DDB12A500E227CE /* AppDelegate.m */ = {isa = PBXFileReference; lastKnownFileType = sourcecode.c.objc; path = AppDelegate.m; sourceTree = "<group>"; };
		5251C8B61DDB12A500E227CE /* ViewController.h */ = {isa = PBXFileReference; lastKnownFileType = sourcecode.c.h; path = ViewController.h; sourceTree = "<group>"; };
		5251C8B71DDB12A500E227CE /* ViewController.m */ = {isa = PBXFileReference; lastKnownFileType = sourcecode.c.objc; path = ViewController.m; sourceTree = "<group>"; };
		5251C8BC1DDB12A500E227CE /* Assets.xcassets */ = {isa = PBXFileReference; lastKnownFileType = folder.assetcatalog; path = Assets.xcassets; sourceTree = "<group>"; };
		5251C8BF1DDB12A500E227CE /* Base */ = {isa = PBXFileReference; lastKnownFileType = file.storyboard; name = Base; path = Base.lproj/LaunchScreen.storyboard; sourceTree = "<group>"; };
		5251C8C11DDB12A500E227CE /* Info.plist */ = {isa = PBXFileReference; lastKnownFileType = text.plist.xml; path = Info.plist; sourceTree = "<group>"; };
		5251C8C81DDB12EF00E227CE /* YSLeftSlideMenuController.h */ = {isa = PBXFileReference; fileEncoding = 4; lastKnownFileType = sourcecode.c.h; path = YSLeftSlideMenuController.h; sourceTree = "<group>"; };
		5251C8C91DDB12EF00E227CE /* YSLeftSlideMenuController.m */ = {isa = PBXFileReference; fileEncoding = 4; lastKnownFileType = sourcecode.c.objc; path = YSLeftSlideMenuController.m; sourceTree = "<group>"; };
		5251C8CB1DDB13EF00E227CE /* MenuViewController.h */ = {isa = PBXFileReference; fileEncoding = 4; lastKnownFileType = sourcecode.c.h; path = MenuViewController.h; sourceTree = "<group>"; };
		5251C8CC1DDB13EF00E227CE /* MenuViewController.m */ = {isa = PBXFileReference; fileEncoding = 4; lastKnownFileType = sourcecode.c.objc; path = MenuViewController.m; sourceTree = "<group>"; };
		5251C8CE1DDB140000E227CE /* MainViewController.h */ = {isa = PBXFileReference; fileEncoding = 4; lastKnownFileType = sourcecode.c.h; path = MainViewController.h; sourceTree = "<group>"; };
		5251C8CF1DDB140000E227CE /* MainViewController.m */ = {isa = PBXFileReference; fileEncoding = 4; lastKnownFileType = sourcecode.c.objc; path = MainViewController.m; sourceTree = "<group>"; };
/* End PBXFileReference section */

/* Begin PBXFrameworksBuildPhase section */
		5251C8AA1DDB12A500E227CE /* Frameworks */ = {
			isa = PBXFrameworksBuildPhase;
			buildActionMask = 2147483647;
			files = (
			);
			runOnlyForDeploymentPostprocessing = 0;
		};
/* End PBXFrameworksBuildPhase section */

/* Begin PBXGroup section */
		5251C8A41DDB12A500E227CE = {
			isa = PBXGroup;
			children = (
				5251C8AF1DDB12A500E227CE /* YSLeftSlideMenuDemo */,
				5251C8AE1DDB12A500E227CE /* Products */,
			);
			sourceTree = "<group>";
		};
		5251C8AE1DDB12A500E227CE /* Products */ = {
			isa = PBXGroup;
			children = (
				5251C8AD1DDB12A500E227CE /* YSLeftSlideMenuDemo.app */,
			);
			name = Products;
			sourceTree = "<group>";
		};
		5251C8AF1DDB12A500E227CE /* YSLeftSlideMenuDemo */ = {
			isa = PBXGroup;
			children = (
				5251C8C71DDB12EF00E227CE /* LeftSlideMenu */,
				5251C8B31DDB12A500E227CE /* AppDelegate.h */,
				5251C8B41DDB12A500E227CE /* AppDelegate.m */,
				5251C8B61DDB12A500E227CE /* ViewController.h */,
				5251C8B71DDB12A500E227CE /* ViewController.m */,
				5251C8BC1DDB12A500E227CE /* Assets.xcassets */,
				5251C8BE1DDB12A500E227CE /* LaunchScreen.storyboard */,
				5251C8C11DDB12A500E227CE /* Info.plist */,
				5251C8B01DDB12A500E227CE /* Supporting Files */,
				5251C8CB1DDB13EF00E227CE /* MenuViewController.h */,
				5251C8CC1DDB13EF00E227CE /* MenuViewController.m */,
				5251C8CE1DDB140000E227CE /* MainViewController.h */,
				5251C8CF1DDB140000E227CE /* MainViewController.m */,
			);
			path = YSLeftSlideMenuDemo;
			sourceTree = "<group>";
		};
		5251C8B01DDB12A500E227CE /* Supporting Files */ = {
			isa = PBXGroup;
			children = (
				5251C8B11DDB12A500E227CE /* main.m */,
			);
			name = "Supporting Files";
			sourceTree = "<group>";
		};
		5251C8C71DDB12EF00E227CE /* LeftSlideMenu */ = {
			isa = PBXGroup;
			children = (
				5251C8C81DDB12EF00E227CE /* YSLeftSlideMenuController.h */,
				5251C8C91DDB12EF00E227CE /* YSLeftSlideMenuController.m */,
			);
			path = LeftSlideMenu;
			sourceTree = "<group>";
		};
/* End PBXGroup section */

/* Begin PBXNativeTarget section */
		5251C8AC1DDB12A500E227CE /* YSLeftSlideMenuDemo */ = {
			isa = PBXNativeTarget;
			buildConfigurationList = 5251C8C41DDB12A500E227CE /* Build configuration list for PBXNativeTarget "YSLeftSlideMenuDemo" */;
			buildPhases = (
				5251C8A91DDB12A500E227CE /* Sources */,
				5251C8AA1DDB12A500E227CE /* Frameworks */,
				5251C8AB1DDB12A500E227CE /* Resources */,
			);
			buildRules = (
			);
			dependencies = (
			);
			name = YSLeftSlideMenuDemo;
			productName = YSLeftSlideMenuDemo;
			productReference = 5251C8AD1DDB12A500E227CE /* YSLeftSlideMenuDemo.app */;
			productType = "com.apple.product-type.application";
		};
/* End PBXNativeTarget section */

/* Begin PBXProject section */
		5251C8A51DDB12A500E227CE /* Project object */ = {
			isa = PBXProject;
			attributes = {
				LastUpgradeCheck = 0810;
				ORGANIZATIONNAME = "张永帅";
				TargetAttributes = {
					5251C8AC1DDB12A500E227CE = {
						CreatedOnToolsVersion = 8.1;
						ProvisioningStyle = Automatic;
					};
				};
			};
			buildConfigurationList = 5251C8A81DDB12A500E227CE /* Build configuration list for PBXProject "YSLeftSlideMenuDemo" */;
			compatibilityVersion = "Xcode 3.2";
			developmentRegion = English;
			hasScannedForEncodings = 0;
			knownRegions = (
				en,
				Base,
			);
			mainGroup = 5251C8A41DDB12A500E227CE;
			productRefGroup = 5251C8AE1DDB12A500E227CE /* Products */;
			projectDirPath = "";
			projectRoot = "";
			targets = (
				5251C8AC1DDB12A500E227CE /* YSLeftSlideMenuDemo */,
			);
		};
/* End PBXProject section */

/* Begin PBXResourcesBuildPhase section */
		5251C8AB1DDB12A500E227CE /* Resources */ = {
			isa = PBXResourcesBuildPhase;
			buildActionMask = 2147483647;
			files = (
				5251C8C01DDB12A500E227CE /* LaunchScreen.storyboard in Resources */,
				5251C8BD1DDB12A500E227CE /* Assets.xcassets in Resources */,
			);
			runOnlyForDeploymentPostprocessing = 0;
		};
/* End PBXResourcesBuildPhase section */

/* Begin PBXSourcesBuildPhase section */
		5251C8A91DDB12A500E227CE /* Sources */ = {
			isa = PBXSourcesBuildPhase;
			buildActionMask = 2147483647;
			files = (
				5251C8B81DDB12A500E227CE /* ViewController.m in Sources */,
				5251C8D01DDB140000E227CE /* MainViewController.m in Sources */,
				5251C8B51DDB12A500E227CE /* AppDelegate.m in Sources */,
				5251C8B21DDB12A500E227CE /* main.m in Sources */,
				5251C8CA1DDB12EF00E227CE /* YSLeftSlideMenuController.m in Sources */,
				5251C8CD1DDB13EF00E227CE /* MenuViewController.m in Sources */,
			);
			runOnlyForDeploymentPostprocessing = 0;
		};
/* End PBXSourcesBuildPhase section */

/* Begin PBXVariantGroup section */
		5251C8BE1DDB12A500E227CE /* LaunchScreen.storyboard */ = {
			isa = PBXVariantGroup;
			children = (
				5251C8BF1DDB12A500E227CE /* Base */,
			);
			name = LaunchScreen.storyboard;
			sourceTree = "<group>";
		};
/* End PBXVariantGroup section */

/* Begin XCBuildConfiguration section */
		5251C8C21DDB12A500E227CE /* Debug */ = {
			isa = XCBuildConfiguration;
			buildSettings = {
				ALWAYS_SEARCH_USER_PATHS = NO;
				CLANG_ANALYZER_NONNULL = YES;
				CLANG_CXX_LANGUAGE_STANDARD = "gnu++0x";
				CLANG_CXX_LIBRARY = "libc++";
				CLANG_ENABLE_MODULES = YES;
				CLANG_ENABLE_OBJC_ARC = YES;
				CLANG_WARN_BOOL_CONVERSION = YES;
				CLANG_WARN_CONSTANT_CONVERSION = YES;
				CLANG_WARN_DIRECT_OBJC_ISA_USAGE = YES_ERROR;
				CLANG_WARN_DOCUMENTATION_COMMENTS = YES;
				CLANG_WARN_EMPTY_BODY = YES;
				CLANG_WARN_ENUM_CONVERSION = YES;
				CLANG_WARN_INFINITE_RECURSION = YES;
				CLANG_WARN_INT_CONVERSION = YES;
				CLANG_WARN_OBJC_ROOT_CLASS = YES_ERROR;
				CLANG_WARN_SUSPICIOUS_MOVES = YES;
				CLANG_WARN_UNREACHABLE_CODE = YES;
				CLANG_WARN__DUPLICATE_METHOD_MATCH = YES;
				"CODE_SIGN_IDENTITY[sdk=iphoneos*]" = "iPhone Developer";
				COPY_PHASE_STRIP = NO;
				DEBUG_INFORMATION_FORMAT = dwarf;
				ENABLE_STRICT_OBJC_MSGSEND = YES;
				ENABLE_TESTABILITY = YES;
				GCC_C_LANGUAGE_STANDARD = gnu99;
				GCC_DYNAMIC_NO_PIC = NO;
				GCC_NO_COMMON_BLOCKS = YES;
				GCC_OPTIMIZATION_LEVEL = 0;
				GCC_PREPROCESSOR_DEFINITIONS = (
					"DEBUG=1",
					"$(inherited)",
				);
				GCC_WARN_64_TO_32_BIT_CONVERSION = YES;
				GCC_WARN_ABOUT_RETURN_TYPE = YES_ERROR;
				GCC_WARN_UNDECLARED_SELECTOR = YES;
				GCC_WARN_UNINITIALIZED_AUTOS = YES_AGGRESSIVE;
				GCC_WARN_UNUSED_FUNCTION = YES;
				GCC_WARN_UNUSED_VARIABLE = YES;
				IPHONEOS_DEPLOYMENT_TARGET = 10.1;
				MTL_ENABLE_DEBUG_INFO = YES;
				ONLY_ACTIVE_ARCH = YES;
				SDKROOT = iphoneos;
				TARGETED_DEVICE_FAMILY = "1,2";
			};
			name = Debug;
		};
		5251C8C31DDB12A500E227CE /* Release */ = {
			isa = XCBuildConfiguration;
			buildSettings = {
				ALWAYS_SEARCH_USER_PATHS = NO;
				CLANG_ANALYZER_NONNULL = YES;
				CLANG_CXX_LANGUAGE_STANDARD = "gnu++0x";
				CLANG_CXX_LIBRARY = "libc++";
				CLANG_ENABLE_MODULES = YES;
				CLANG_ENABLE_OBJC_ARC = YES;
				CLANG_WARN_BOOL_CONVERSION = YES;
				CLANG_WARN_CONSTANT_CONVERSION = YES;
				CLANG_WARN_DIRECT_OBJC_ISA_USAGE = YES_ERROR;
				CLANG_WARN_DOCUMENTATION_COMMENTS = YES;
				CLANG_WARN_EMPTY_BODY = YES;
				CLANG_WARN_ENUM_CONVERSION = YES;
				CLANG_WARN_INFINITE_RECURSION = YES;
				CLANG_WARN_INT_CONVERSION = YES;
				CLANG_WARN_OBJC_ROOT_CLASS = YES_ERROR;
				CLANG_WARN_SUSPICIOUS_MOVES = YES;
				CLANG_WARN_UNREACHABLE_CODE = YES;
				CLANG_WARN__DUPLICATE_METHOD_MATCH = YES;
				"CODE_SIGN_IDENTITY[sdk=iphoneos*]" = "iPhone Developer";
				COPY_PHASE_STRIP = NO;
				DEBUG_INFORMATION_FORMAT = "dwarf-with-dsym";
				ENABLE_NS_ASSERTIONS = NO;
				ENABLE_STRICT_OBJC_MSGSEND = YES;
				GCC_C_LANGUAGE_STANDARD = gnu99;
				GCC_NO_COMMON_BLOCKS = YES;
				GCC_WARN_64_TO_32_BIT_CONVERSION = YES;
				GCC_WARN_ABOUT_RETURN_TYPE = YES_ERROR;
				GCC_WARN_UNDECLARED_SELECTOR = YES;
				GCC_WARN_UNINITIALIZED_AUTOS = YES_AGGRESSIVE;
				GCC_WARN_UNUSED_FUNCTION = YES;
				GCC_WARN_UNUSED_VARIABLE = YES;
				IPHONEOS_DEPLOYMENT_TARGET = 10.1;
				MTL_ENABLE_DEBUG_INFO = NO;
				SDKROOT = iphoneos;
				TARGETED_DEVICE_FAMILY = "1,2";
				VALIDATE_PRODUCT = YES;
			};
			name = Release;
		};
		5251C8C51DDB12A500E227CE /* Debug */ = {
			isa = XCBuildConfiguration;
			buildSettings = {
				ASSETCATALOG_COMPILER_APPICON_NAME = AppIcon;
				INFOPLIST_FILE = YSLeftSlideMenuDemo/Info.plist;
				LD_RUNPATH_SEARCH_PATHS = "$(inherited) @executable_path/Frameworks";
				PRODUCT_BUNDLE_IDENTIFIER = zys.YSLeftSlideMenuDemo;
				PRODUCT_NAME = "$(TARGET_NAME)";
			};
			name = Debug;
		};
		5251C8C61DDB12A500E227CE /* Release */ = {
			isa = XCBuildConfiguration;
			buildSettings = {
				ASSETCATALOG_COMPILER_APPICON_NAME = AppIcon;
				INFOPLIST_FILE = YSLeftSlideMenuDemo/Info.plist;
				LD_RUNPATH_SEARCH_PATHS = "$(inherited) @executable_path/Frameworks";
				PRODUCT_BUNDLE_IDENTIFIER = zys.YSLeftSlideMenuDemo;
				PRODUCT_NAME = "$(TARGET_NAME)";
			};
			name = Release;
		};
/* End XCBuildConfiguration section */

/* Begin XCConfigurationList section */
		5251C8A81DDB12A500E227CE /* Build configuration list for PBXProject "YSLeftSlideMenuDemo" */ = {
			isa = XCConfigurationList;
			buildConfigurations = (
				5251C8C21DDB12A500E227CE /* Debug */,
				5251C8C31DDB12A500E227CE /* Release */,
			);
			defaultConfigurationIsVisible = 0;
			defaultConfigurationName = Release;
		};
		5251C8C41DDB12A500E227CE /* Build configuration list for PBXNativeTarget "YSLeftSlideMenuDemo" */ = {
			isa = XCConfigurationList;
			buildConfigurations = (
				5251C8C51DDB12A500E227CE /* Debug */,
				5251C8C61DDB12A500E227CE /* Release */,
			);
			defaultConfigurationIsVisible = 0;
		};
/* End XCConfigurationList section */
	};
	rootObject = 5251C8A51DDB12A500E227CE /* Project object */;
}
